
Microsoft Visual Studio Solution File, Format Version 12.00
# Visual Studio Version 17
VisualStudioVersion = 17.4.33110.190
MinimumVisualStudioVersion = 10.0.40219.1
Project("{FAE04EC0-301F-11D3-BF4B-00C04F79EFBC}") = "ConsoleUI", "ConsoleUI\ConsoleUI.csproj", "{809FA2BB-BC1A-45E3-A48E-4042193F1D1C}"
EndProject
Global
	GlobalSection(SolutionConfigurationPlatforms) = preSolution
		Debug|Any CPU = Debug|Any CPU
		Release|Any CPU = Release|Any CPU
	EndGlobalSection
	GlobalSection(ProjectConfigurationPlatforms) = postSolution
		{809FA2BB-BC1A-45E3-A48E-4042193F1D1C}.Debug|Any CPU.ActiveCfg = Debug|Any CPU
		{809FA2BB-BC1A-45E3-A48E-4042193F1D1C}.Debug|Any CPU.Build.0 = Debug|Any CPU
		{809FA2BB-BC1A-45E3-A48E-4042193F1D1C}.Release|Any CPU.ActiveCfg = Release|Any CPU
		{809FA2BB-BC1A-45E3-A48E-4042193F1D1C}.Release|Any CPU.Build.0 = Release|Any CPU
	EndGlobalSection
	GlobalSection(SolutionProperties) = preSolution
		HideSolutionNode = FALSE
	EndGlobalSection
	GlobalSection(ExtensibilityGlobals) = postSolution
		SolutionGuid = {8EADB6C4-01DC-4D3C-9977-AC9AFCA57669}
	EndGlobalSection
EndGlobal
