
Microsoft Visual Studio Solution File, Format Version 12.00
# Visual Studio Version 17
VisualStudioVersion = 17.4.33110.190
MinimumVisualStudioVersion = 10.0.40219.1
Project("{FAE04EC0-301F-11D3-BF4B-00C04F79EFBC}") = "FacadePatternDemo", "FacadePatternDemo\FacadePatternDemo.csproj", "{A6F1422C-7978-4CC9-BD35-80210A708146}"
EndProject
Global
	GlobalSection(SolutionConfigurationPlatforms) = preSolution
		Debug|Any CPU = Debug|Any CPU
		Release|Any CPU = Release|Any CPU
	EndGlobalSection
	GlobalSection(ProjectConfigurationPlatforms) = postSolution
		{A6F1422C-7978-4CC9-BD35-80210A708146}.Debug|Any CPU.ActiveCfg = Debug|Any CPU
		{A6F1422C-7978-4CC9-BD35-80210A708146}.Debug|Any CPU.Build.0 = Debug|Any CPU
		{A6F1422C-7978-4CC9-BD35-80210A708146}.Release|Any CPU.ActiveCfg = Release|Any CPU
		{A6F1422C-7978-4CC9-BD35-80210A708146}.Release|Any CPU.Build.0 = Release|Any CPU
	EndGlobalSection
	GlobalSection(SolutionProperties) = preSolution
		HideSolutionNode = FALSE
	EndGlobalSection
	GlobalSection(ExtensibilityGlobals) = postSolution
		SolutionGuid = {3AE7689C-560E-4F7A-AFD2-C0D757BF657F}
	EndGlobalSection
EndGlobal
